{
    "_meta": {
        "hash": {
            "sha256": "728838aa6098cbac5aa78b9a25ff66297d6f7c38dd999a4f409ed3ff21b91c11"
        },
        "pipfile-spec": 6,
        "requires": {
            "python_version": "3.10"
        },
        "sources": [
            {
                "name": "pypi",
                "url": "https://pypi.org/simple",
                "verify_ssl": true
            }
        ]
    },
    "default": {
        "cuid": {
            "hashes": [
                "sha256:74eaba154916a2240405c3631acee708c263ef8fa05a86820b87d0f59f84e978"
            ],
            "index": "pypi",
            "version": "==0.4"
        },
        "sqlalchemy": {
            "hashes": [
                "sha256:013f4f330001e84a2b0ef1f2c9bd73169c79d582e54e1a144be1be1dbc911711",
                "sha256:0789e199fbce8cb1775337afc631ed12bcc5463dd77d7a06b8dafd758cde51f8",
                "sha256:0b698440c477c00bdedff87348b19a79630a235864a8f4378098d61079c16ce9",
                "sha256:0eac488be90dd3f7a655d2e34fa59e1305fccabc4abfbd002e3a72ae10bd2f89",
                "sha256:14854bdb2a35af536d14f77dfa8dbc20e1bb1972996d64c4147e0d3165c9aaf5",
                "sha256:18795e87601b4244fd08b542cd6bff9ef674b17bcd34e4a3c9935398e2cc762c",
                "sha256:32f508fef9c5a7d19411d94ef64cf5405e42c4689e51ddbb81ac9a7be045cce8",
                "sha256:33f73cc45ffa050f5c3b60ff4490e0ae9e02701461c1600d5ede1b008076b1b9",
                "sha256:38e26cf6b9b4c6c37846f7e31b42e4d664b35f055691265f07e06aeb6167c494",
                "sha256:3da3dff8d9833a7d7f66a3c45a79a3955f775c79f47bb7eea266d0b4c267b17a",
                "sha256:432cfd77642771ee7ea0dd0f3fb664f18506a3625eab6e6d5d1d771569171270",
                "sha256:4339110be209fea37a2bb4f35f1127c7562a0393e9e6df5d9a65cc4f5c167cb6",
                "sha256:486015a58c9a67f65a15b4f19468b35b97cee074ae55386a9c240f1da308fbfe",
                "sha256:494db0026918e3f707466a1200a5dedbf254a4bce01a3115fd95f04ba8258f09",
                "sha256:57b80e877eb6ec63295835f8a3b86ca3a44829f80c4748e1b019e03adea550fc",
                "sha256:5f7c40ec2e3b31293184020daba95850832bea523a08496ac89b27a5276ec804",
                "sha256:6d44ff7573016fc26311b5a5c54d5656fb9e0c39e138bc8b81cb7c8667485203",
                "sha256:774965c41b71c8ebe3c5728bf5b9a948231fc3a0422d9fdace0686f5bb689ad6",
                "sha256:7917632606fc5d4be661dcde45cc415df835e594e2c50cc999a44f24b6bf6d92",
                "sha256:9020125e3be677c64d4dda7048e247343f1663089cf268a4cc98c957adb7dbe0",
                "sha256:921485d1f69ed016e1f756de67d02ad4f143eb6b92b9776bfff78786d8978ab5",
                "sha256:94556a2a7fc3de094ea056b62845e2e6e271e26d1e1b2540a1cd2d2506257a10",
                "sha256:a4c1e1582492c66dfacc9eab52738f3e64d9a2a380e412668f75aa06e540f649",
                "sha256:a65a8fd09bdffd63fa23b39cd902e6a4ca23d86ecfe129513e43767a1f3e91fb",
                "sha256:a6f7d1debb233f1567d700ebcdde0781a0b63db0ef266246dfbf75ae41bfdf85",
                "sha256:b0995b92612979d208189245bf87349ad9243b97b49652347a28ddee0803225a",
                "sha256:b8ab8f90f4a13c979e6c41c9f011b655c1b9ae2df6cffa8fa2c7c4d740f3512e",
                "sha256:bc370d53fee7408330099c4bcc2573a107757b203bc61f114467dfe586a0c7bd",
                "sha256:c38641f5c3714505d65dbbd8fb1350408b9ad8461769ec8e440e1177f9c92d1d",
                "sha256:cc337b96ec59ef29907eeadc2ac11188739281568f14c719e61550ca6d201a41",
                "sha256:ce076e25f1170000b4ecdc57a1ff8a70dbe4a5648ec3da0563ef3064e8db4f15",
                "sha256:cebd161f964af58290596523c65e41a5a161a99f7212b1ae675e288a4b5e0a7c",
                "sha256:d2e7411d5ea164c6f4d003f5d4f5e72e202956aaa7496b95bb4a4c39669e001c",
                "sha256:e735a635126b2338dfd3a0863b675437cb53d85885a7602b8cffb24345df33ed",
                "sha256:e7e61e2e4dfe175dc3510889e44eda1c32f55870d6950ef40519640cb266704d",
                "sha256:e90f0be674e0845c5c1ccfa5e31c9ee28fd406546a61afc734355cc7ea1f8f8b",
                "sha256:ea1c63e61b5c13161c8468305f0a5837c80aae2070e33654c68dd12572b638eb",
                "sha256:ea9461f6955f3cf9eff6eeec271686caed7792c76f5b966886a36a42ea46e6b2",
                "sha256:f15c54713a8dd57a01c974c9f96476688f6f6374d348819ed7e459535844b614",
                "sha256:fb649c5473f79c9a7b6133f53a31f4d87de14755c79224007eb7ec76e628551e",
                "sha256:fc67667c8e8c04e5c3250ab2cd51df40bc7c28c7c253d0475b377eff86fe4bb0"
            ],
            "markers": "python_version >= '3.7'",
            "version": "==2.0.7"
        },
        "sqlalchemy-views": {
            "hashes": [
                "sha256:53a376efc8badbbd6d2d360f0d03fc70f1f5ee7748cf169506ea8a6e4f20326c",
                "sha256:c396416939bc4459c71f15c0279b72c9eb1f92fe022afe7fa74ed3adeef76e3b"
            ],
            "index": "pypi",
            "version": "==0.3.2"
        },
        "typing-extensions": {
            "hashes": [
                "sha256:5cb5f4a79139d699607b3ef622a1dedafa84e115ab0024e0d9c044a9479ca7cb",
                "sha256:fb33085c39dd998ac16d1431ebc293a8b3eedd00fd4a32de0ff79002c19511b4"
            ],
            "markers": "python_version >= '3.7'",
            "version": "==4.5.0"
        }
    },
    "develop": {}
}
